
Microsoft Visual Studio Solution File, Format Version 12.00
# Visual Studio 2013
VisualStudioVersion = 12.0.30110.0
MinimumVisualStudioVersion = 10.0.40219.1
Project("{930C7802-8A8C-48F9-8165-68863BCCD9DD}") = "HelloFSharpSetup", "HelloFSharpSetup\HelloFSharpSetup.wixproj", "{C8980284-C651-41A5-AF48-338FE2FD9955}"
	ProjectSection(ProjectDependencies) = postProject
		{AAC9D9FC-32A6-47C8-B41A-FA0DD21617C7} = {AAC9D9FC-32A6-47C8-B41A-FA0DD21617C7}
	EndProjectSection
EndProject
Project("{F2A71F9B-5D33-465A-A702-920D77279786}") = "HelloFSharp", "HelloFSharp\HelloFSharp.fsproj", "{AAC9D9FC-32A6-47C8-B41A-FA0DD21617C7}"
EndProject
Project("{2150E333-8FDC-42A3-9474-1A3956D46DE8}") = "Solution Items", "Solution Items", "{7FCD784F-FE26-4EF3-8A62-A5BBE7A0E3AB}"
	ProjectSection(SolutionItems) = preProject
		README.md = README.md
	EndProjectSection
EndProject
Global
	GlobalSection(SolutionConfigurationPlatforms) = preSolution
		Debug|x86 = Debug|x86
		Release|x86 = Release|x86
	EndGlobalSection
	GlobalSection(ProjectConfigurationPlatforms) = postSolution
		{C8980284-C651-41A5-AF48-338FE2FD9955}.Debug|x86.ActiveCfg = Debug|x86
		{C8980284-C651-41A5-AF48-338FE2FD9955}.Debug|x86.Build.0 = Debug|x86
		{C8980284-C651-41A5-AF48-338FE2FD9955}.Release|x86.ActiveCfg = Release|x86
		{C8980284-C651-41A5-AF48-338FE2FD9955}.Release|x86.Build.0 = Release|x86
		{AAC9D9FC-32A6-47C8-B41A-FA0DD21617C7}.Debug|x86.ActiveCfg = Debug|x86
		{AAC9D9FC-32A6-47C8-B41A-FA0DD21617C7}.Debug|x86.Build.0 = Debug|x86
		{AAC9D9FC-32A6-47C8-B41A-FA0DD21617C7}.Release|x86.ActiveCfg = Release|x86
		{AAC9D9FC-32A6-47C8-B41A-FA0DD21617C7}.Release|x86.Build.0 = Release|x86
	EndGlobalSection
	GlobalSection(SolutionProperties) = preSolution
		HideSolutionNode = FALSE
	EndGlobalSection
EndGlobal
